
Microsoft Visual Studio Solution File, Format Version 12.00
# Visual Studio 14
VisualStudioVersion = 14.0.23107.0
MinimumVisualStudioVersion = 10.0.40219.1
Project("{FAE04EC0-301F-11D3-BF4B-00C04F79EFBC}") = "wpchttr", "wpchttr\wpchttr.csproj", "{369225DA-7199-419E-ABD0-A717842A367C}"
EndProject
Project("{FAE04EC0-301F-11D3-BF4B-00C04F79EFBC}") = "wpchttr.Core", "wpchttr.Core\wpchttr.Core.csproj", "{17CC955A-DB49-42DA-8C83-54422AD133BB}"
EndProject
Project("{FAE04EC0-301F-11D3-BF4B-00C04F79EFBC}") = "wpchttr.Test", "wpchttr.Test\wpchttr.Test.csproj", "{98E6CEDF-1B49-4C95-B00D-3AD5985B914E}"
EndProject
Global
	GlobalSection(SolutionConfigurationPlatforms) = preSolution
		Debug|Any CPU = Debug|Any CPU
		Debug|ARM = Debug|ARM
		Debug|x64 = Debug|x64
		Debug|x86 = Debug|x86
		Release|Any CPU = Release|Any CPU
		Release|ARM = Release|ARM
		Release|x64 = Release|x64
		Release|x86 = Release|x86
	EndGlobalSection
	GlobalSection(ProjectConfigurationPlatforms) = postSolution
		{369225DA-7199-419E-ABD0-A717842A367C}.Debug|Any CPU.ActiveCfg = Debug|x86
		{369225DA-7199-419E-ABD0-A717842A367C}.Debug|ARM.ActiveCfg = Debug|ARM
		{369225DA-7199-419E-ABD0-A717842A367C}.Debug|ARM.Build.0 = Debug|ARM
		{369225DA-7199-419E-ABD0-A717842A367C}.Debug|ARM.Deploy.0 = Debug|ARM
		{369225DA-7199-419E-ABD0-A717842A367C}.Debug|x64.ActiveCfg = Debug|x64
		{369225DA-7199-419E-ABD0-A717842A367C}.Debug|x64.Build.0 = Debug|x64
		{369225DA-7199-419E-ABD0-A717842A367C}.Debug|x64.Deploy.0 = Debug|x64
		{369225DA-7199-419E-ABD0-A717842A367C}.Debug|x86.ActiveCfg = Debug|x86
		{369225DA-7199-419E-ABD0-A717842A367C}.Debug|x86.Build.0 = Debug|x86
		{369225DA-7199-419E-ABD0-A717842A367C}.Debug|x86.Deploy.0 = Debug|x86
		{369225DA-7199-419E-ABD0-A717842A367C}.Release|Any CPU.ActiveCfg = Release|x86
		{369225DA-7199-419E-ABD0-A717842A367C}.Release|ARM.ActiveCfg = Release|ARM
		{369225DA-7199-419E-ABD0-A717842A367C}.Release|ARM.Build.0 = Release|ARM
		{369225DA-7199-419E-ABD0-A717842A367C}.Release|ARM.Deploy.0 = Release|ARM
		{369225DA-7199-419E-ABD0-A717842A367C}.Release|x64.ActiveCfg = Release|x64
		{369225DA-7199-419E-ABD0-A717842A367C}.Release|x64.Build.0 = Release|x64
		{369225DA-7199-419E-ABD0-A717842A367C}.Release|x64.Deploy.0 = Release|x64
		{369225DA-7199-419E-ABD0-A717842A367C}.Release|x86.ActiveCfg = Release|x86
		{369225DA-7199-419E-ABD0-A717842A367C}.Release|x86.Build.0 = Release|x86
		{369225DA-7199-419E-ABD0-A717842A367C}.Release|x86.Deploy.0 = Release|x86
		{17CC955A-DB49-42DA-8C83-54422AD133BB}.Debug|Any CPU.ActiveCfg = Debug|Any CPU
		{17CC955A-DB49-42DA-8C83-54422AD133BB}.Debug|Any CPU.Build.0 = Debug|Any CPU
		{17CC955A-DB49-42DA-8C83-54422AD133BB}.Debug|ARM.ActiveCfg = Debug|ARM
		{17CC955A-DB49-42DA-8C83-54422AD133BB}.Debug|ARM.Build.0 = Debug|ARM
		{17CC955A-DB49-42DA-8C83-54422AD133BB}.Debug|x64.ActiveCfg = Debug|x64
		{17CC955A-DB49-42DA-8C83-54422AD133BB}.Debug|x64.Build.0 = Debug|x64
		{17CC955A-DB49-42DA-8C83-54422AD133BB}.Debug|x86.ActiveCfg = Debug|x86
		{17CC955A-DB49-42DA-8C83-54422AD133BB}.Debug|x86.Build.0 = Debug|x86
		{17CC955A-DB49-42DA-8C83-54422AD133BB}.Release|Any CPU.ActiveCfg = Release|Any CPU
		{17CC955A-DB49-42DA-8C83-54422AD133BB}.Release|Any CPU.Build.0 = Release|Any CPU
		{17CC955A-DB49-42DA-8C83-54422AD133BB}.Release|ARM.ActiveCfg = Release|ARM
		{17CC955A-DB49-42DA-8C83-54422AD133BB}.Release|ARM.Build.0 = Release|ARM
		{17CC955A-DB49-42DA-8C83-54422AD133BB}.Release|x64.ActiveCfg = Release|x64
		{17CC955A-DB49-42DA-8C83-54422AD133BB}.Release|x64.Build.0 = Release|x64
		{17CC955A-DB49-42DA-8C83-54422AD133BB}.Release|x86.ActiveCfg = Release|x86
		{17CC955A-DB49-42DA-8C83-54422AD133BB}.Release|x86.Build.0 = Release|x86
		{98E6CEDF-1B49-4C95-B00D-3AD5985B914E}.Debug|Any CPU.ActiveCfg = Debug|x86
		{98E6CEDF-1B49-4C95-B00D-3AD5985B914E}.Debug|ARM.ActiveCfg = Debug|ARM
		{98E6CEDF-1B49-4C95-B00D-3AD5985B914E}.Debug|ARM.Build.0 = Debug|ARM
		{98E6CEDF-1B49-4C95-B00D-3AD5985B914E}.Debug|ARM.Deploy.0 = Debug|ARM
		{98E6CEDF-1B49-4C95-B00D-3AD5985B914E}.Debug|x64.ActiveCfg = Debug|x64
		{98E6CEDF-1B49-4C95-B00D-3AD5985B914E}.Debug|x64.Build.0 = Debug|x64
		{98E6CEDF-1B49-4C95-B00D-3AD5985B914E}.Debug|x64.Deploy.0 = Debug|x64
		{98E6CEDF-1B49-4C95-B00D-3AD5985B914E}.Debug|x86.ActiveCfg = Debug|x86
		{98E6CEDF-1B49-4C95-B00D-3AD5985B914E}.Debug|x86.Build.0 = Debug|x86
		{98E6CEDF-1B49-4C95-B00D-3AD5985B914E}.Debug|x86.Deploy.0 = Debug|x86
		{98E6CEDF-1B49-4C95-B00D-3AD5985B914E}.Release|Any CPU.ActiveCfg = Release|x86
		{98E6CEDF-1B49-4C95-B00D-3AD5985B914E}.Release|ARM.ActiveCfg = Release|ARM
		{98E6CEDF-1B49-4C95-B00D-3AD5985B914E}.Release|ARM.Build.0 = Release|ARM
		{98E6CEDF-1B49-4C95-B00D-3AD5985B914E}.Release|ARM.Deploy.0 = Release|ARM
		{98E6CEDF-1B49-4C95-B00D-3AD5985B914E}.Release|x64.ActiveCfg = Release|x64
		{98E6CEDF-1B49-4C95-B00D-3AD5985B914E}.Release|x64.Build.0 = Release|x64
		{98E6CEDF-1B49-4C95-B00D-3AD5985B914E}.Release|x64.Deploy.0 = Release|x64
		{98E6CEDF-1B49-4C95-B00D-3AD5985B914E}.Release|x86.ActiveCfg = Release|x86
		{98E6CEDF-1B49-4C95-B00D-3AD5985B914E}.Release|x86.Build.0 = Release|x86
		{98E6CEDF-1B49-4C95-B00D-3AD5985B914E}.Release|x86.Deploy.0 = Release|x86
	EndGlobalSection
	GlobalSection(SolutionProperties) = preSolution
		HideSolutionNode = FALSE
	EndGlobalSection
EndGlobal
